{
  "name": "sudoku-terminal",
  "lockfileVersion": 3,
  "requires": true,
  "packages": {
    "": {
      "dependencies": {
        "readline": "^1.3.0",
        "sudoku": "^0.0.3"
      }
    },
    "node_modules/readline": {
      "version": "1.3.0",
      "resolved": "https://registry.npmjs.org/readline/-/readline-1.3.0.tgz",
      "integrity": "sha512-k2d6ACCkiNYz222Fs/iNze30rRJ1iIicW7JuX/7/cozvih6YCkFZH+J6mAFDVgv0dRBaAyr4jDqC95R2y4IADg=="
    },
    "node_modules/sudoku": {
      "version": "0.0.3",
      "resolved": "https://registry.npmjs.org/sudoku/-/sudoku-0.0.3.tgz",
      "integrity": "sha512-8UU9b39qCJzncdgGT2jbSjAaNdFNJasoZcgKWt7pZ5zVA6Way8yIP9kR8aS2TA/KOwehu0a5uS43eQxrW4hCIA=="
    }
  }
}
